{
  "requires": true,
  "lockfileVersion": 1,
  "dependencies": {
    "coc-json": {
      "version": "1.2.4",
      "resolved": "https://registry.npmjs.org/coc-json/-/coc-json-1.2.4.tgz",
      "integrity": "sha512-Xt5D58lx0EHXCMorLt3+RAO0VMrEyZpPOVCSeb8iV3SZTWFNtA2vSh4NSCSd7VUqRUzk7Md++2AJgGyubqtQqA=="
    },
    "coc-tsserver": {
      "version": "1.4.8",
      "resolved": "https://registry.npmjs.org/coc-tsserver/-/coc-tsserver-1.4.8.tgz",
      "integrity": "sha512-PkaqBRhcENt0bhvji3Qy2T/8HeT0+g7Mjyj9H5SVGFb/p2tx+l7nQagws7uO6RSNj8EjZKti9HuMiKKMtL14zg==",
      "requires": {
        "typescript": "3.7.2"
      }
    },
    "typescript": {
      "version": "3.7.2",
      "resolved": "https://registry.npmjs.org/typescript/-/typescript-3.7.2.tgz",
      "integrity": "sha512-ml7V7JfiN2Xwvcer+XAf2csGO1bPBdRbFCkYBczNZggrBZ9c7G3riSUeJmqEU5uOtXNPMhE3n+R4FA/3YOAWOQ=="
    }
  }
}
